
Microsoft Visual Studio Solution File, Format Version 12.00
# Visual Studio Version 17
VisualStudioVersion = 17.5.002.0
MinimumVisualStudioVersion = 10.0.40219.1
Project("{2150E333-8FDC-42A3-9474-1A3956D46DE8}") = "mslearn-store-data-in-azure", "mslearn-store-data-in-azure", "{262FC5B3-7201-4D1F-B456-FD4BF3D4352F}"
EndProject
Project("{2150E333-8FDC-42A3-9474-1A3956D46DE8}") = "store-app-data-with-azure-blob-storage", "store-app-data-with-azure-blob-storage", "{203DBAF1-706E-4AB1-B2E6-F90193262CDF}"
EndProject
Project("{2150E333-8FDC-42A3-9474-1A3956D46DE8}") = "src", "src", "{B8704E5F-2CEF-4FBC-9F84-79F2B51CE500}"
EndProject
Project("{9A19103F-16F7-4668-BE54-9A1E7A4F7556}") = "FileUploader", "mslearn-store-data-in-azure\store-app-data-with-azure-blob-storage\src\final\FileUploader.csproj", "{9964EA3E-737A-411B-95D7-5AD897B4757B}"
EndProject
Project("{9A19103F-16F7-4668-BE54-9A1E7A4F7556}") = "FileUploader (1)", "mslearn-store-data-in-azure\store-app-data-with-azure-blob-storage\src\start\FileUploader.csproj", "{BC39A467-0BD8-47DD-9455-6475EE672F53}"
EndProject
Global
	GlobalSection(SolutionConfigurationPlatforms) = preSolution
		Debug|Any CPU = Debug|Any CPU
		Release|Any CPU = Release|Any CPU
	EndGlobalSection
	GlobalSection(ProjectConfigurationPlatforms) = postSolution
		{9964EA3E-737A-411B-95D7-5AD897B4757B}.Debug|Any CPU.ActiveCfg = Debug|Any CPU
		{9964EA3E-737A-411B-95D7-5AD897B4757B}.Debug|Any CPU.Build.0 = Debug|Any CPU
		{9964EA3E-737A-411B-95D7-5AD897B4757B}.Release|Any CPU.ActiveCfg = Release|Any CPU
		{9964EA3E-737A-411B-95D7-5AD897B4757B}.Release|Any CPU.Build.0 = Release|Any CPU
		{BC39A467-0BD8-47DD-9455-6475EE672F53}.Debug|Any CPU.ActiveCfg = Debug|Any CPU
		{BC39A467-0BD8-47DD-9455-6475EE672F53}.Debug|Any CPU.Build.0 = Debug|Any CPU
		{BC39A467-0BD8-47DD-9455-6475EE672F53}.Release|Any CPU.ActiveCfg = Release|Any CPU
		{BC39A467-0BD8-47DD-9455-6475EE672F53}.Release|Any CPU.Build.0 = Release|Any CPU
	EndGlobalSection
	GlobalSection(SolutionProperties) = preSolution
		HideSolutionNode = FALSE
	EndGlobalSection
	GlobalSection(NestedProjects) = preSolution
		{203DBAF1-706E-4AB1-B2E6-F90193262CDF} = {262FC5B3-7201-4D1F-B456-FD4BF3D4352F}
		{B8704E5F-2CEF-4FBC-9F84-79F2B51CE500} = {203DBAF1-706E-4AB1-B2E6-F90193262CDF}
		{9964EA3E-737A-411B-95D7-5AD897B4757B} = {B8704E5F-2CEF-4FBC-9F84-79F2B51CE500}
		{BC39A467-0BD8-47DD-9455-6475EE672F53} = {B8704E5F-2CEF-4FBC-9F84-79F2B51CE500}
	EndGlobalSection
	GlobalSection(ExtensibilityGlobals) = postSolution
		SolutionGuid = {642999F1-AD09-426A-86A7-38F5CA24A678}
	EndGlobalSection
EndGlobal
